// !$*UTF8*$!
{
	archiveVersion = 1;
	classes = {
	};
	objectVersion = 51;
	objects = {

/* Begin PBXBuildFile section */
		8ECE3CF7913C3232E290B313 /* Pods_Sanctuary.framework in Frameworks */ = {isa = PBXBuildFile; fileRef = 5241DF4E39E0F1B03E9B0A3D /* Pods_Sanctuary.framework */; };
		9105EDC924D744DD00100817 /* LoadJSON.swift in Sources */ = {isa = PBXBuildFile; fileRef = 9105EDC824D744DD00100817 /* LoadJSON.swift */; };
		9105EDCB24D7465100100817 /* Character.swift in Sources */ = {isa = PBXBuildFile; fileRef = 9105EDCA24D7465100100817 /* Character.swift */; };
		910BF99A24E572C800873A81 /* Health.swift in Sources */ = {isa = PBXBuildFile; fileRef = 910BF99924E572C800873A81 /* Health.swift */; };
		910BF99C24E5732B00873A81 /* Health.json in Resources */ = {isa = PBXBuildFile; fileRef = 910BF99B24E5732B00873A81 /* Health.json */; };
		911C56EE273FF55700BB75ED /* RealmData.swift in Sources */ = {isa = PBXBuildFile; fileRef = 911C56ED273FF55700BB75ED /* RealmData.swift */; };
		911C56F0273FF6AC00BB75ED /* PlayerInformationRealm.swift in Sources */ = {isa = PBXBuildFile; fileRef = 911C56EF273FF6AC00BB75ED /* PlayerInformationRealm.swift */; };
		911C56F2273FFD4100BB75ED /* GameData.swift in Sources */ = {isa = PBXBuildFile; fileRef = 911C56F1273FFD4100BB75ED /* GameData.swift */; };
		91206A9C24D5908300453084 /* Person.swift in Sources */ = {isa = PBXBuildFile; fileRef = 91206A9B24D5908300453084 /* Person.swift */; };
		9128C8BD24E14A3B00D2D31E /* PlayerInfoViewController.swift in Sources */ = {isa = PBXBuildFile; fileRef = 9128C8BC24E14A3B00D2D31E /* PlayerInfoViewController.swift */; };
		91491CB4273FC9F700324754 /* Extensions.swift in Sources */ = {isa = PBXBuildFile; fileRef = 91491CB3273FC9F700324754 /* Extensions.swift */; };
		91491CB6273FDC2000324754 /* GameViewController.swift in Sources */ = {isa = PBXBuildFile; fileRef = 91491CB5273FDC2000324754 /* GameViewController.swift */; };
		9160B0A0273FC87300CF49A5 /* StartingPageViewController.swift in Sources */ = {isa = PBXBuildFile; fileRef = 9160B09F273FC87300CF49A5 /* StartingPageViewController.swift */; };
		91801AE12740483800B78C37 /* PlayerDetailsViewController.swift in Sources */ = {isa = PBXBuildFile; fileRef = 91801AE02740483800B78C37 /* PlayerDetailsViewController.swift */; };
		918558B124F5952E005472FD /* ActivityIndicator.swift in Sources */ = {isa = PBXBuildFile; fileRef = 918558B024F5952E005472FD /* ActivityIndicator.swift */; };
		9196406324E1380D0076A094 /* PlayersTableViewController.swift in Sources */ = {isa = PBXBuildFile; fileRef = 9196406224E1380D0076A094 /* PlayersTableViewController.swift */; };
		919818EA24F77B600088E01F /* Player.swift in Sources */ = {isa = PBXBuildFile; fileRef = 919818E924F77B600088E01F /* Player.swift */; };
		919AC3F624DA984E00745ACC /* Hobby.json in Resources */ = {isa = PBXBuildFile; fileRef = 919AC3F524DA984E00745ACC /* Hobby.json */; };
		919AC3FC24DA985800745ACC /* Fear.json in Resources */ = {isa = PBXBuildFile; fileRef = 919AC3F724DA985800745ACC /* Fear.json */; };
		919AC3FD24DA985800745ACC /* Special Cards.json in Resources */ = {isa = PBXBuildFile; fileRef = 919AC3F824DA985800745ACC /* Special Cards.json */; };
		919AC3FE24DA985800745ACC /* Disaster.json in Resources */ = {isa = PBXBuildFile; fileRef = 919AC3F924DA985800745ACC /* Disaster.json */; };
		919AC3FF24DA985800745ACC /* Job.json in Resources */ = {isa = PBXBuildFile; fileRef = 919AC3FA24DA985800745ACC /* Job.json */; };
		919AC40024DA985800745ACC /* Additional Info.json in Resources */ = {isa = PBXBuildFile; fileRef = 919AC3FB24DA985800745ACC /* Additional Info.json */; };
		919AC40324DA986300745ACC /* Character.json in Resources */ = {isa = PBXBuildFile; fileRef = 919AC40124DA986300745ACC /* Character.json */; };
		919AC40424DA986300745ACC /* Baggage.json in Resources */ = {isa = PBXBuildFile; fileRef = 919AC40224DA986300745ACC /* Baggage.json */; };
		919AC40624DA9AEA00745ACC /* Additional Info.swift in Sources */ = {isa = PBXBuildFile; fileRef = 919AC40524DA9AEA00745ACC /* Additional Info.swift */; };
		919AC40824DA9B3700745ACC /* Baggage.swift in Sources */ = {isa = PBXBuildFile; fileRef = 919AC40724DA9B3700745ACC /* Baggage.swift */; };
		919AC40A24DA9B5400745ACC /* Disaster.swift in Sources */ = {isa = PBXBuildFile; fileRef = 919AC40924DA9B5400745ACC /* Disaster.swift */; };
		919AC40C24DA9B7300745ACC /* Fear.swift in Sources */ = {isa = PBXBuildFile; fileRef = 919AC40B24DA9B7300745ACC /* Fear.swift */; };
		919AC40E24DA9BA700745ACC /* Hobby.swift in Sources */ = {isa = PBXBuildFile; fileRef = 919AC40D24DA9BA700745ACC /* Hobby.swift */; };
		919AC41024DA9BBF00745ACC /* Job.swift in Sources */ = {isa = PBXBuildFile; fileRef = 919AC40F24DA9BBF00745ACC /* Job.swift */; };
		919AC41224DA9BF500745ACC /* Special Cards.swift in Sources */ = {isa = PBXBuildFile; fileRef = 919AC41124DA9BF500745ACC /* Special Cards.swift */; };
		91A1ED4F24D477110040E5E7 /* AppDelegate.swift in Sources */ = {isa = PBXBuildFile; fileRef = 91A1ED4E24D477110040E5E7 /* AppDelegate.swift */; };
		91A1ED5124D477110040E5E7 /* SceneDelegate.swift in Sources */ = {isa = PBXBuildFile; fileRef = 91A1ED5024D477110040E5E7 /* SceneDelegate.swift */; };
		91A1ED5324D477110040E5E7 /* ViewController.swift in Sources */ = {isa = PBXBuildFile; fileRef = 91A1ED5224D477110040E5E7 /* ViewController.swift */; };
		91A1ED5624D477110040E5E7 /* Main.storyboard in Resources */ = {isa = PBXBuildFile; fileRef = 91A1ED5424D477110040E5E7 /* Main.storyboard */; };
		91A1ED5824D477120040E5E7 /* Assets.xcassets in Resources */ = {isa = PBXBuildFile; fileRef = 91A1ED5724D477120040E5E7 /* Assets.xcassets */; };
		91A1ED5B24D477120040E5E7 /* LaunchScreen.storyboard in Resources */ = {isa = PBXBuildFile; fileRef = 91A1ED5924D477120040E5E7 /* LaunchScreen.storyboard */; };
		91AC083B24D58CD8008D0A29 /* Game.swift in Sources */ = {isa = PBXBuildFile; fileRef = 91AC083A24D58CD8008D0A29 /* Game.swift */; };
		91E82C0524F7A15200A11582 /* SpecialConditionTableViewController.swift in Sources */ = {isa = PBXBuildFile; fileRef = 91E82C0424F7A15200A11582 /* SpecialConditionTableViewController.swift */; };
/* End PBXBuildFile section */

/* Begin PBXFileReference section */
		430816F3C808A583E42D7362 /* Pods-Sanctuary.release.xcconfig */ = {isa = PBXFileReference; includeInIndex = 1; lastKnownFileType = text.xcconfig; name = "Pods-Sanctuary.release.xcconfig"; path = "Target Support Files/Pods-Sanctuary/Pods-Sanctuary.release.xcconfig"; sourceTree = "<group>"; };
		5241DF4E39E0F1B03E9B0A3D /* Pods_Sanctuary.framework */ = {isa = PBXFileReference; explicitFileType = wrapper.framework; includeInIndex = 0; path = Pods_Sanctuary.framework; sourceTree = BUILT_PRODUCTS_DIR; };
		9105EDC824D744DD00100817 /* LoadJSON.swift */ = {isa = PBXFileReference; lastKnownFileType = sourcecode.swift; path = LoadJSON.swift; sourceTree = "<group>"; };
		9105EDCA24D7465100100817 /* Character.swift */ = {isa = PBXFileReference; lastKnownFileType = sourcecode.swift; path = Character.swift; sourceTree = "<group>"; };
		910BF99924E572C800873A81 /* Health.swift */ = {isa = PBXFileReference; lastKnownFileType = sourcecode.swift; path = Health.swift; sourceTree = "<group>"; };
		910BF99B24E5732B00873A81 /* Health.json */ = {isa = PBXFileReference; fileEncoding = 4; lastKnownFileType = text.json; path = Health.json; sourceTree = "<group>"; };
		911C56ED273FF55700BB75ED /* RealmData.swift */ = {isa = PBXFileReference; lastKnownFileType = sourcecode.swift; path = RealmData.swift; sourceTree = "<group>"; };
		911C56EF273FF6AC00BB75ED /* PlayerInformationRealm.swift */ = {isa = PBXFileReference; lastKnownFileType = sourcecode.swift; path = PlayerInformationRealm.swift; sourceTree = "<group>"; };
		911C56F1273FFD4100BB75ED /* GameData.swift */ = {isa = PBXFileReference; lastKnownFileType = sourcecode.swift; path = GameData.swift; sourceTree = "<group>"; };
		91206A9B24D5908300453084 /* Person.swift */ = {isa = PBXFileReference; lastKnownFileType = sourcecode.swift; path = Person.swift; sourceTree = "<group>"; };
		9128C8BC24E14A3B00D2D31E /* PlayerInfoViewController.swift */ = {isa = PBXFileReference; lastKnownFileType = sourcecode.swift; path = PlayerInfoViewController.swift; sourceTree = "<group>"; };
		91491CB3273FC9F700324754 /* Extensions.swift */ = {isa = PBXFileReference; lastKnownFileType = sourcecode.swift; path = Extensions.swift; sourceTree = "<group>"; };
		91491CB5273FDC2000324754 /* GameViewController.swift */ = {isa = PBXFileReference; lastKnownFileType = sourcecode.swift; path = GameViewController.swift; sourceTree = "<group>"; };
		9160B09F273FC87300CF49A5 /* StartingPageViewController.swift */ = {isa = PBXFileReference; lastKnownFileType = sourcecode.swift; path = StartingPageViewController.swift; sourceTree = "<group>"; };
		91801AE02740483800B78C37 /* PlayerDetailsViewController.swift */ = {isa = PBXFileReference; lastKnownFileType = sourcecode.swift; path = PlayerDetailsViewController.swift; sourceTree = "<group>"; };
		918558B024F5952E005472FD /* ActivityIndicator.swift */ = {isa = PBXFileReference; lastKnownFileType = sourcecode.swift; path = ActivityIndicator.swift; sourceTree = "<group>"; };
		9196406224E1380D0076A094 /* PlayersTableViewController.swift */ = {isa = PBXFileReference; lastKnownFileType = sourcecode.swift; path = PlayersTableViewController.swift; sourceTree = "<group>"; };
		919818E924F77B600088E01F /* Player.swift */ = {isa = PBXFileReference; lastKnownFileType = sourcecode.swift; path = Player.swift; sourceTree = "<group>"; };
		919AC3F524DA984E00745ACC /* Hobby.json */ = {isa = PBXFileReference; fileEncoding = 4; lastKnownFileType = text.json; path = Hobby.json; sourceTree = "<group>"; };
		919AC3F724DA985800745ACC /* Fear.json */ = {isa = PBXFileReference; fileEncoding = 4; lastKnownFileType = text.json; path = Fear.json; sourceTree = "<group>"; };
		919AC3F824DA985800745ACC /* Special Cards.json */ = {isa = PBXFileReference; fileEncoding = 4; lastKnownFileType = text.json; path = "Special Cards.json"; sourceTree = "<group>"; };
		919AC3F924DA985800745ACC /* Disaster.json */ = {isa = PBXFileReference; fileEncoding = 4; lastKnownFileType = text.json; path = Disaster.json; sourceTree = "<group>"; };
		919AC3FA24DA985800745ACC /* Job.json */ = {isa = PBXFileReference; fileEncoding = 4; lastKnownFileType = text.json; path = Job.json; sourceTree = "<group>"; };
		919AC3FB24DA985800745ACC /* Additional Info.json */ = {isa = PBXFileReference; fileEncoding = 4; lastKnownFileType = text.json; path = "Additional Info.json"; sourceTree = "<group>"; };
		919AC40124DA986300745ACC /* Character.json */ = {isa = PBXFileReference; fileEncoding = 4; lastKnownFileType = text.json; path = Character.json; sourceTree = "<group>"; };
		919AC40224DA986300745ACC /* Baggage.json */ = {isa = PBXFileReference; fileEncoding = 4; lastKnownFileType = text.json; path = Baggage.json; sourceTree = "<group>"; };
		919AC40524DA9AEA00745ACC /* Additional Info.swift */ = {isa = PBXFileReference; lastKnownFileType = sourcecode.swift; path = "Additional Info.swift"; sourceTree = "<group>"; };
		919AC40724DA9B3700745ACC /* Baggage.swift */ = {isa = PBXFileReference; lastKnownFileType = sourcecode.swift; path = Baggage.swift; sourceTree = "<group>"; };
		919AC40924DA9B5400745ACC /* Disaster.swift */ = {isa = PBXFileReference; lastKnownFileType = sourcecode.swift; path = Disaster.swift; sourceTree = "<group>"; };
		919AC40B24DA9B7300745ACC /* Fear.swift */ = {isa = PBXFileReference; lastKnownFileType = sourcecode.swift; path = Fear.swift; sourceTree = "<group>"; };
		919AC40D24DA9BA700745ACC /* Hobby.swift */ = {isa = PBXFileReference; lastKnownFileType = sourcecode.swift; path = Hobby.swift; sourceTree = "<group>"; };
		919AC40F24DA9BBF00745ACC /* Job.swift */ = {isa = PBXFileReference; lastKnownFileType = sourcecode.swift; path = Job.swift; sourceTree = "<group>"; };
		919AC41124DA9BF500745ACC /* Special Cards.swift */ = {isa = PBXFileReference; lastKnownFileType = sourcecode.swift; path = "Special Cards.swift"; sourceTree = "<group>"; };
		91A1ED4B24D477110040E5E7 /* Sanctuary.app */ = {isa = PBXFileReference; explicitFileType = wrapper.application; includeInIndex = 0; path = Sanctuary.app; sourceTree = BUILT_PRODUCTS_DIR; };
		91A1ED4E24D477110040E5E7 /* AppDelegate.swift */ = {isa = PBXFileReference; lastKnownFileType = sourcecode.swift; path = AppDelegate.swift; sourceTree = "<group>"; };
		91A1ED5024D477110040E5E7 /* SceneDelegate.swift */ = {isa = PBXFileReference; lastKnownFileType = sourcecode.swift; path = SceneDelegate.swift; sourceTree = "<group>"; };
		91A1ED5224D477110040E5E7 /* ViewController.swift */ = {isa = PBXFileReference; lastKnownFileType = sourcecode.swift; path = ViewController.swift; sourceTree = "<group>"; };
		91A1ED5524D477110040E5E7 /* Base */ = {isa = PBXFileReference; lastKnownFileType = file.storyboard; name = Base; path = Base.lproj/Main.storyboard; sourceTree = "<group>"; };
		91A1ED5724D477120040E5E7 /* Assets.xcassets */ = {isa = PBXFileReference; lastKnownFileType = folder.assetcatalog; path = Assets.xcassets; sourceTree = "<group>"; };
		91A1ED5A24D477120040E5E7 /* Base */ = {isa = PBXFileReference; lastKnownFileType = file.storyboard; name = Base; path = Base.lproj/LaunchScreen.storyboard; sourceTree = "<group>"; };
		91A1ED5C24D477120040E5E7 /* Info.plist */ = {isa = PBXFileReference; lastKnownFileType = text.plist.xml; path = Info.plist; sourceTree = "<group>"; };
		91AC083A24D58CD8008D0A29 /* Game.swift */ = {isa = PBXFileReference; lastKnownFileType = sourcecode.swift; path = Game.swift; sourceTree = "<group>"; };
		91E82C0424F7A15200A11582 /* SpecialConditionTableViewController.swift */ = {isa = PBXFileReference; lastKnownFileType = sourcecode.swift; path = SpecialConditionTableViewController.swift; sourceTree = "<group>"; };
		E4B7B967FD81D8ED1EAA901F /* Pods-Sanctuary.debug.xcconfig */ = {isa = PBXFileReference; includeInIndex = 1; lastKnownFileType = text.xcconfig; name = "Pods-Sanctuary.debug.xcconfig"; path = "Target Support Files/Pods-Sanctuary/Pods-Sanctuary.debug.xcconfig"; sourceTree = "<group>"; };
/* End PBXFileReference section */

/* Begin PBXFrameworksBuildPhase section */
		91A1ED4824D477110040E5E7 /* Frameworks */ = {
			isa = PBXFrameworksBuildPhase;
			buildActionMask = 2147483647;
			files = (
				8ECE3CF7913C3232E290B313 /* Pods_Sanctuary.framework in Frameworks */,
			);
			runOnlyForDeploymentPostprocessing = 0;
		};
/* End PBXFrameworksBuildPhase section */

/* Begin PBXGroup section */
		1D44728F627FB4C2E7DFD104 /* Pods */ = {
			isa = PBXGroup;
			children = (
				E4B7B967FD81D8ED1EAA901F /* Pods-Sanctuary.debug.xcconfig */,
				430816F3C808A583E42D7362 /* Pods-Sanctuary.release.xcconfig */,
			);
			path = Pods;
			sourceTree = "<group>";
		};
		2AE1DE543DA44332F169541F /* Frameworks */ = {
			isa = PBXGroup;
			children = (
				5241DF4E39E0F1B03E9B0A3D /* Pods_Sanctuary.framework */,
			);
			name = Frameworks;
			sourceTree = "<group>";
		};
		9119AECF273EB5A50012ADF6 /* Views */ = {
			isa = PBXGroup;
			children = (
				91A1ED5424D477110040E5E7 /* Main.storyboard */,
				91A1ED5724D477120040E5E7 /* Assets.xcassets */,
				91A1ED5924D477120040E5E7 /* LaunchScreen.storyboard */,
			);
			path = Views;
			sourceTree = "<group>";
		};
		9119AED0273EB5C90012ADF6 /* Resources */ = {
			isa = PBXGroup;
			children = (
				91A1ED4E24D477110040E5E7 /* AppDelegate.swift */,
				91A1ED5024D477110040E5E7 /* SceneDelegate.swift */,
				91491CB3273FC9F700324754 /* Extensions.swift */,
				911C56ED273FF55700BB75ED /* RealmData.swift */,
			);
			path = Resources;
			sourceTree = "<group>";
		};
		91206A9D24D591A500453084 /* Data */ = {
			isa = PBXGroup;
			children = (
				919AC3FB24DA985800745ACC /* Additional Info.json */,
				919AC40224DA986300745ACC /* Baggage.json */,
				919AC40124DA986300745ACC /* Character.json */,
				919AC3F924DA985800745ACC /* Disaster.json */,
				919AC3F724DA985800745ACC /* Fear.json */,
				910BF99B24E5732B00873A81 /* Health.json */,
				919AC3F524DA984E00745ACC /* Hobby.json */,
				919AC3FA24DA985800745ACC /* Job.json */,
				919AC3F824DA985800745ACC /* Special Cards.json */,
			);
			path = Data;
			sourceTree = "<group>";
		};
		916B458024F6999F00593373 /* Functions */ = {
			isa = PBXGroup;
			children = (
				918558B024F5952E005472FD /* ActivityIndicator.swift */,
				9105EDC824D744DD00100817 /* LoadJSON.swift */,
			);
			path = Functions;
			sourceTree = "<group>";
		};
		919818E724F77B0E0088E01F /* JsonStructures */ = {
			isa = PBXGroup;
			children = (
				919AC40524DA9AEA00745ACC /* Additional Info.swift */,
				919AC40724DA9B3700745ACC /* Baggage.swift */,
				9105EDCA24D7465100100817 /* Character.swift */,
				919AC40924DA9B5400745ACC /* Disaster.swift */,
				919AC40B24DA9B7300745ACC /* Fear.swift */,
				910BF99924E572C800873A81 /* Health.swift */,
				919AC40D24DA9BA700745ACC /* Hobby.swift */,
				919AC40F24DA9BBF00745ACC /* Job.swift */,
				91206A9B24D5908300453084 /* Person.swift */,
				919AC41124DA9BF500745ACC /* Special Cards.swift */,
			);
			path = JsonStructures;
			sourceTree = "<group>";
		};
		919818E824F77B3B0088E01F /* GameData */ = {
			isa = PBXGroup;
			children = (
				91AC083A24D58CD8008D0A29 /* Game.swift */,
				919818E924F77B600088E01F /* Player.swift */,
				911C56EF273FF6AC00BB75ED /* PlayerInformationRealm.swift */,
				911C56F1273FFD4100BB75ED /* GameData.swift */,
			);
			path = GameData;
			sourceTree = "<group>";
		};
		919AC41324DA9C2300745ACC /* Controllers */ = {
			isa = PBXGroup;
			children = (
				91A1ED5224D477110040E5E7 /* ViewController.swift */,
				9196406224E1380D0076A094 /* PlayersTableViewController.swift */,
				9128C8BC24E14A3B00D2D31E /* PlayerInfoViewController.swift */,
				91E82C0424F7A15200A11582 /* SpecialConditionTableViewController.swift */,
				9160B09F273FC87300CF49A5 /* StartingPageViewController.swift */,
				91491CB5273FDC2000324754 /* GameViewController.swift */,
				91801AE02740483800B78C37 /* PlayerDetailsViewController.swift */,
			);
			path = Controllers;
			sourceTree = "<group>";
		};
		91A1ED4224D477110040E5E7 = {
			isa = PBXGroup;
			children = (
				91A1ED4D24D477110040E5E7 /* Sanctuary */,
				91A1ED4C24D477110040E5E7 /* Products */,
				1D44728F627FB4C2E7DFD104 /* Pods */,
				2AE1DE543DA44332F169541F /* Frameworks */,
			);
			sourceTree = "<group>";
		};
		91A1ED4C24D477110040E5E7 /* Products */ = {
			isa = PBXGroup;
			children = (
				91A1ED4B24D477110040E5E7 /* Sanctuary.app */,
			);
			name = Products;
			sourceTree = "<group>";
		};
		91A1ED4D24D477110040E5E7 /* Sanctuary */ = {
			isa = PBXGroup;
			children = (
				91A1ED5C24D477120040E5E7 /* Info.plist */,
				919AC41324DA9C2300745ACC /* Controllers */,
				91206A9D24D591A500453084 /* Data */,
				916B458024F6999F00593373 /* Functions */,
				91AC083C24D58CE7008D0A29 /* Model */,
				9119AED0273EB5C90012ADF6 /* Resources */,
				9119AECF273EB5A50012ADF6 /* Views */,
			);
			path = Sanctuary;
			sourceTree = "<group>";
		};
		91AC083C24D58CE7008D0A29 /* Model */ = {
			isa = PBXGroup;
			children = (
				919818E824F77B3B0088E01F /* GameData */,
				919818E724F77B0E0088E01F /* JsonStructures */,
			);
			path = Model;
			sourceTree = "<group>";
		};
/* End PBXGroup section */

/* Begin PBXNativeTarget section */
		91A1ED4A24D477110040E5E7 /* Sanctuary */ = {
			isa = PBXNativeTarget;
			buildConfigurationList = 91A1ED5F24D477120040E5E7 /* Build configuration list for PBXNativeTarget "Sanctuary" */;
			buildPhases = (
				599919838EF61AB029406386 /* [CP] Check Pods Manifest.lock */,
				91A1ED4724D477110040E5E7 /* Sources */,
				91A1ED4824D477110040E5E7 /* Frameworks */,
				91A1ED4924D477110040E5E7 /* Resources */,
				442BAAB5ABE420F478F1A30E /* [CP] Embed Pods Frameworks */,
			);
			buildRules = (
			);
			dependencies = (
			);
			name = Sanctuary;
			productName = Sanctuary;
			productReference = 91A1ED4B24D477110040E5E7 /* Sanctuary.app */;
			productType = "com.apple.product-type.application";
		};
/* End PBXNativeTarget section */

/* Begin PBXProject section */
		91A1ED4324D477110040E5E7 /* Project object */ = {
			isa = PBXProject;
			attributes = {
				LastSwiftUpdateCheck = 1160;
				LastUpgradeCheck = 1200;
				ORGANIZATIONNAME = Valados;
				TargetAttributes = {
					91A1ED4A24D477110040E5E7 = {
						CreatedOnToolsVersion = 11.6;
					};
				};
			};
			buildConfigurationList = 91A1ED4624D477110040E5E7 /* Build configuration list for PBXProject "Sanctuary" */;
			compatibilityVersion = "Xcode 9.3";
			developmentRegion = en;
			hasScannedForEncodings = 0;
			knownRegions = (
				en,
				Base,
			);
			mainGroup = 91A1ED4224D477110040E5E7;
			productRefGroup = 91A1ED4C24D477110040E5E7 /* Products */;
			projectDirPath = "";
			projectRoot = "";
			targets = (
				91A1ED4A24D477110040E5E7 /* Sanctuary */,
			);
		};
/* End PBXProject section */

/* Begin PBXResourcesBuildPhase section */
		91A1ED4924D477110040E5E7 /* Resources */ = {
			isa = PBXResourcesBuildPhase;
			buildActionMask = 2147483647;
			files = (
				919AC3FF24DA985800745ACC /* Job.json in Resources */,
				919AC40324DA986300745ACC /* Character.json in Resources */,
				919AC40424DA986300745ACC /* Baggage.json in Resources */,
				91A1ED5B24D477120040E5E7 /* LaunchScreen.storyboard in Resources */,
				919AC3FD24DA985800745ACC /* Special Cards.json in Resources */,
				919AC3FC24DA985800745ACC /* Fear.json in Resources */,
				91A1ED5824D477120040E5E7 /* Assets.xcassets in Resources */,
				919AC40024DA985800745ACC /* Additional Info.json in Resources */,
				919AC3FE24DA985800745ACC /* Disaster.json in Resources */,
				919AC3F624DA984E00745ACC /* Hobby.json in Resources */,
				910BF99C24E5732B00873A81 /* Health.json in Resources */,
				91A1ED5624D477110040E5E7 /* Main.storyboard in Resources */,
			);
			runOnlyForDeploymentPostprocessing = 0;
		};
/* End PBXResourcesBuildPhase section */

/* Begin PBXShellScriptBuildPhase section */
		442BAAB5ABE420F478F1A30E /* [CP] Embed Pods Frameworks */ = {
			isa = PBXShellScriptBuildPhase;
			buildActionMask = 2147483647;
			files = (
			);
			inputFileListPaths = (
				"${PODS_ROOT}/Target Support Files/Pods-Sanctuary/Pods-Sanctuary-frameworks-${CONFIGURATION}-input-files.xcfilelist",
			);
			name = "[CP] Embed Pods Frameworks";
			outputFileListPaths = (
				"${PODS_ROOT}/Target Support Files/Pods-Sanctuary/Pods-Sanctuary-frameworks-${CONFIGURATION}-output-files.xcfilelist",
			);
			runOnlyForDeploymentPostprocessing = 0;
			shellPath = /bin/sh;
			shellScript = "\"${PODS_ROOT}/Target Support Files/Pods-Sanctuary/Pods-Sanctuary-frameworks.sh\"\n";
			showEnvVarsInLog = 0;
		};
		599919838EF61AB029406386 /* [CP] Check Pods Manifest.lock */ = {
			isa = PBXShellScriptBuildPhase;
			buildActionMask = 2147483647;
			files = (
			);
			inputFileListPaths = (
			);
			inputPaths = (
				"${PODS_PODFILE_DIR_PATH}/Podfile.lock",
				"${PODS_ROOT}/Manifest.lock",
			);
			name = "[CP] Check Pods Manifest.lock";
			outputFileListPaths = (
			);
			outputPaths = (
				"$(DERIVED_FILE_DIR)/Pods-Sanctuary-checkManifestLockResult.txt",
			);
			runOnlyForDeploymentPostprocessing = 0;
			shellPath = /bin/sh;
			shellScript = "diff \"${PODS_PODFILE_DIR_PATH}/Podfile.lock\" \"${PODS_ROOT}/Manifest.lock\" > /dev/null\nif [ $? != 0 ] ; then\n    # print error to STDERR\n    echo \"error: The sandbox is not in sync with the Podfile.lock. Run 'pod install' or update your CocoaPods installation.\" >&2\n    exit 1\nfi\n# This output is used by Xcode 'outputs' to avoid re-running this script phase.\necho \"SUCCESS\" > \"${SCRIPT_OUTPUT_FILE_0}\"\n";
			showEnvVarsInLog = 0;
		};
/* End PBXShellScriptBuildPhase section */

/* Begin PBXSourcesBuildPhase section */
		91A1ED4724D477110040E5E7 /* Sources */ = {
			isa = PBXSourcesBuildPhase;
			buildActionMask = 2147483647;
			files = (
				919AC41224DA9BF500745ACC /* Special Cards.swift in Sources */,
				9128C8BD24E14A3B00D2D31E /* PlayerInfoViewController.swift in Sources */,
				9160B0A0273FC87300CF49A5 /* StartingPageViewController.swift in Sources */,
				91206A9C24D5908300453084 /* Person.swift in Sources */,
				9105EDC924D744DD00100817 /* LoadJSON.swift in Sources */,
				91801AE12740483800B78C37 /* PlayerDetailsViewController.swift in Sources */,
				9105EDCB24D7465100100817 /* Character.swift in Sources */,
				911C56F0273FF6AC00BB75ED /* PlayerInformationRealm.swift in Sources */,
				919AC40824DA9B3700745ACC /* Baggage.swift in Sources */,
				919AC41024DA9BBF00745ACC /* Job.swift in Sources */,
				919AC40A24DA9B5400745ACC /* Disaster.swift in Sources */,
				91491CB4273FC9F700324754 /* Extensions.swift in Sources */,
				91AC083B24D58CD8008D0A29 /* Game.swift in Sources */,
				919AC40E24DA9BA700745ACC /* Hobby.swift in Sources */,
				91A1ED5324D477110040E5E7 /* ViewController.swift in Sources */,
				91E82C0524F7A15200A11582 /* SpecialConditionTableViewController.swift in Sources */,
				911C56EE273FF55700BB75ED /* RealmData.swift in Sources */,
				91491CB6273FDC2000324754 /* GameViewController.swift in Sources */,
				911C56F2273FFD4100BB75ED /* GameData.swift in Sources */,
				919AC40C24DA9B7300745ACC /* Fear.swift in Sources */,
				919AC40624DA9AEA00745ACC /* Additional Info.swift in Sources */,
				910BF99A24E572C800873A81 /* Health.swift in Sources */,
				91A1ED4F24D477110040E5E7 /* AppDelegate.swift in Sources */,
				91A1ED5124D477110040E5E7 /* SceneDelegate.swift in Sources */,
				918558B124F5952E005472FD /* ActivityIndicator.swift in Sources */,
				9196406324E1380D0076A094 /* PlayersTableViewController.swift in Sources */,
				919818EA24F77B600088E01F /* Player.swift in Sources */,
			);
			runOnlyForDeploymentPostprocessing = 0;
		};
/* End PBXSourcesBuildPhase section */

/* Begin PBXVariantGroup section */
		91A1ED5424D477110040E5E7 /* Main.storyboard */ = {
			isa = PBXVariantGroup;
			children = (
				91A1ED5524D477110040E5E7 /* Base */,
			);
			name = Main.storyboard;
			sourceTree = "<group>";
		};
		91A1ED5924D477120040E5E7 /* LaunchScreen.storyboard */ = {
			isa = PBXVariantGroup;
			children = (
				91A1ED5A24D477120040E5E7 /* Base */,
			);
			name = LaunchScreen.storyboard;
			sourceTree = "<group>";
		};
/* End PBXVariantGroup section */

/* Begin XCBuildConfiguration section */
		91A1ED5D24D477120040E5E7 /* Debug */ = {
			isa = XCBuildConfiguration;
			buildSettings = {
				ALWAYS_SEARCH_USER_PATHS = NO;
				CLANG_ANALYZER_NONNULL = YES;
				CLANG_ANALYZER_NUMBER_OBJECT_CONVERSION = YES_AGGRESSIVE;
				CLANG_CXX_LANGUAGE_STANDARD = "gnu++14";
				CLANG_CXX_LIBRARY = "libc++";
				CLANG_ENABLE_MODULES = YES;
				CLANG_ENABLE_OBJC_ARC = YES;
				CLANG_ENABLE_OBJC_WEAK = YES;
				CLANG_WARN_BLOCK_CAPTURE_AUTORELEASING = YES;
				CLANG_WARN_BOOL_CONVERSION = YES;
				CLANG_WARN_COMMA = YES;
				CLANG_WARN_CONSTANT_CONVERSION = YES;
				CLANG_WARN_DEPRECATED_OBJC_IMPLEMENTATIONS = YES;
				CLANG_WARN_DIRECT_OBJC_ISA_USAGE = YES_ERROR;
				CLANG_WARN_DOCUMENTATION_COMMENTS = YES;
				CLANG_WARN_EMPTY_BODY = YES;
				CLANG_WARN_ENUM_CONVERSION = YES;
				CLANG_WARN_INFINITE_RECURSION = YES;
				CLANG_WARN_INT_CONVERSION = YES;
				CLANG_WARN_NON_LITERAL_NULL_CONVERSION = YES;
				CLANG_WARN_OBJC_IMPLICIT_RETAIN_SELF = YES;
				CLANG_WARN_OBJC_LITERAL_CONVERSION = YES;
				CLANG_WARN_OBJC_ROOT_CLASS = YES_ERROR;
				CLANG_WARN_QUOTED_INCLUDE_IN_FRAMEWORK_HEADER = YES;
				CLANG_WARN_RANGE_LOOP_ANALYSIS = YES;
				CLANG_WARN_STRICT_PROTOTYPES = YES;
				CLANG_WARN_SUSPICIOUS_MOVE = YES;
				CLANG_WARN_UNGUARDED_AVAILABILITY = YES_AGGRESSIVE;
				CLANG_WARN_UNREACHABLE_CODE = YES;
				CLANG_WARN__DUPLICATE_METHOD_MATCH = YES;
				COPY_PHASE_STRIP = NO;
				DEBUG_INFORMATION_FORMAT = dwarf;
				ENABLE_STRICT_OBJC_MSGSEND = YES;
				ENABLE_TESTABILITY = YES;
				GCC_C_LANGUAGE_STANDARD = gnu11;
				GCC_DYNAMIC_NO_PIC = NO;
				GCC_NO_COMMON_BLOCKS = YES;
				GCC_OPTIMIZATION_LEVEL = 0;
				GCC_PREPROCESSOR_DEFINITIONS = (
					"DEBUG=1",
					"$(inherited)",
				);
				GCC_WARN_64_TO_32_BIT_CONVERSION = YES;
				GCC_WARN_ABOUT_RETURN_TYPE = YES_ERROR;
				GCC_WARN_UNDECLARED_SELECTOR = YES;
				GCC_WARN_UNINITIALIZED_AUTOS = YES_AGGRESSIVE;
				GCC_WARN_UNUSED_FUNCTION = YES;
				GCC_WARN_UNUSED_VARIABLE = YES;
				IPHONEOS_DEPLOYMENT_TARGET = 13.6;
				MTL_ENABLE_DEBUG_INFO = INCLUDE_SOURCE;
				MTL_FAST_MATH = YES;
				ONLY_ACTIVE_ARCH = YES;
				SDKROOT = iphoneos;
				SWIFT_ACTIVE_COMPILATION_CONDITIONS = DEBUG;
				SWIFT_OPTIMIZATION_LEVEL = "-Onone";
			};
			name = Debug;
		};
		91A1ED5E24D477120040E5E7 /* Release */ = {
			isa = XCBuildConfiguration;
			buildSettings = {
				ALWAYS_SEARCH_USER_PATHS = NO;
				CLANG_ANALYZER_NONNULL = YES;
				CLANG_ANALYZER_NUMBER_OBJECT_CONVERSION = YES_AGGRESSIVE;
				CLANG_CXX_LANGUAGE_STANDARD = "gnu++14";
				CLANG_CXX_LIBRARY = "libc++";
				CLANG_ENABLE_MODULES = YES;
				CLANG_ENABLE_OBJC_ARC = YES;
				CLANG_ENABLE_OBJC_WEAK = YES;
				CLANG_WARN_BLOCK_CAPTURE_AUTORELEASING = YES;
				CLANG_WARN_BOOL_CONVERSION = YES;
				CLANG_WARN_COMMA = YES;
				CLANG_WARN_CONSTANT_CONVERSION = YES;
				CLANG_WARN_DEPRECATED_OBJC_IMPLEMENTATIONS = YES;
				CLANG_WARN_DIRECT_OBJC_ISA_USAGE = YES_ERROR;
				CLANG_WARN_DOCUMENTATION_COMMENTS = YES;
				CLANG_WARN_EMPTY_BODY = YES;
				CLANG_WARN_ENUM_CONVERSION = YES;
				CLANG_WARN_INFINITE_RECURSION = YES;
				CLANG_WARN_INT_CONVERSION = YES;
				CLANG_WARN_NON_LITERAL_NULL_CONVERSION = YES;
				CLANG_WARN_OBJC_IMPLICIT_RETAIN_SELF = YES;
				CLANG_WARN_OBJC_LITERAL_CONVERSION = YES;
				CLANG_WARN_OBJC_ROOT_CLASS = YES_ERROR;
				CLANG_WARN_QUOTED_INCLUDE_IN_FRAMEWORK_HEADER = YES;
				CLANG_WARN_RANGE_LOOP_ANALYSIS = YES;
				CLANG_WARN_STRICT_PROTOTYPES = YES;
				CLANG_WARN_SUSPICIOUS_MOVE = YES;
				CLANG_WARN_UNGUARDED_AVAILABILITY = YES_AGGRESSIVE;
				CLANG_WARN_UNREACHABLE_CODE = YES;
				CLANG_WARN__DUPLICATE_METHOD_MATCH = YES;
				COPY_PHASE_STRIP = NO;
				DEBUG_INFORMATION_FORMAT = "dwarf-with-dsym";
				ENABLE_NS_ASSERTIONS = NO;
				ENABLE_STRICT_OBJC_MSGSEND = YES;
				GCC_C_LANGUAGE_STANDARD = gnu11;
				GCC_NO_COMMON_BLOCKS = YES;
				GCC_WARN_64_TO_32_BIT_CONVERSION = YES;
				GCC_WARN_ABOUT_RETURN_TYPE = YES_ERROR;
				GCC_WARN_UNDECLARED_SELECTOR = YES;
				GCC_WARN_UNINITIALIZED_AUTOS = YES_AGGRESSIVE;
				GCC_WARN_UNUSED_FUNCTION = YES;
				GCC_WARN_UNUSED_VARIABLE = YES;
				IPHONEOS_DEPLOYMENT_TARGET = 13.6;
				MTL_ENABLE_DEBUG_INFO = NO;
				MTL_FAST_MATH = YES;
				SDKROOT = iphoneos;
				SWIFT_COMPILATION_MODE = wholemodule;
				SWIFT_OPTIMIZATION_LEVEL = "-O";
				VALIDATE_PRODUCT = YES;
			};
			name = Release;
		};
		91A1ED6024D477120040E5E7 /* Debug */ = {
			isa = XCBuildConfiguration;
			baseConfigurationReference = E4B7B967FD81D8ED1EAA901F /* Pods-Sanctuary.debug.xcconfig */;
			buildSettings = {
				ASSETCATALOG_COMPILER_APPICON_NAME = AppIcon;
				CODE_SIGN_STYLE = Automatic;
				DEVELOPMENT_TEAM = 8ZYH9A6QJL;
				INFOPLIST_FILE = Sanctuary/Info.plist;
				LD_RUNPATH_SEARCH_PATHS = (
					"$(inherited)",
					"@executable_path/Frameworks",
				);
				PRODUCT_BUNDLE_IDENTIFIER = "com.akymenko-vlad.Sanctuary";
				PRODUCT_NAME = "$(TARGET_NAME)";
				SWIFT_VERSION = 5.0;
				TARGETED_DEVICE_FAMILY = "1,2";
			};
			name = Debug;
		};
		91A1ED6124D477120040E5E7 /* Release */ = {
			isa = XCBuildConfiguration;
			baseConfigurationReference = 430816F3C808A583E42D7362 /* Pods-Sanctuary.release.xcconfig */;
			buildSettings = {
				ASSETCATALOG_COMPILER_APPICON_NAME = AppIcon;
				CODE_SIGN_STYLE = Automatic;
				DEVELOPMENT_TEAM = 8ZYH9A6QJL;
				INFOPLIST_FILE = Sanctuary/Info.plist;
				LD_RUNPATH_SEARCH_PATHS = (
					"$(inherited)",
					"@executable_path/Frameworks",
				);
				PRODUCT_BUNDLE_IDENTIFIER = "com.akymenko-vlad.Sanctuary";
				PRODUCT_NAME = "$(TARGET_NAME)";
				SWIFT_VERSION = 5.0;
				TARGETED_DEVICE_FAMILY = "1,2";
			};
			name = Release;
		};
/* End XCBuildConfiguration section */

/* Begin XCConfigurationList section */
		91A1ED4624D477110040E5E7 /* Build configuration list for PBXProject "Sanctuary" */ = {
			isa = XCConfigurationList;
			buildConfigurations = (
				91A1ED5D24D477120040E5E7 /* Debug */,
				91A1ED5E24D477120040E5E7 /* Release */,
			);
			defaultConfigurationIsVisible = 0;
			defaultConfigurationName = Release;
		};
		91A1ED5F24D477120040E5E7 /* Build configuration list for PBXNativeTarget "Sanctuary" */ = {
			isa = XCConfigurationList;
			buildConfigurations = (
				91A1ED6024D477120040E5E7 /* Debug */,
				91A1ED6124D477120040E5E7 /* Release */,
			);
			defaultConfigurationIsVisible = 0;
			defaultConfigurationName = Release;
		};
/* End XCConfigurationList section */
	};
	rootObject = 91A1ED4324D477110040E5E7 /* Project object */;
}
